
Microsoft Visual Studio Solution File, Format Version 11.00
# Visual Studio 2010
Project("{FAE04EC0-301F-11D3-BF4B-00C04F79EFBC}") = "MixinXRef", "MixinXRef\MixinXRef.csproj", "{3D9AAC2C-20FB-45C0-B8BB-77B3ADB95D9F}"
EndProject
Project("{FAE04EC0-301F-11D3-BF4B-00C04F79EFBC}") = "MixinXRef.UnitTests", "MixinXRef.UnitTests\MixinXRef.UnitTests.csproj", "{D9D6A235-C449-46F8-80DE-0315A7226ECF}"
EndProject
Project("{FAE04EC0-301F-11D3-BF4B-00C04F79EFBC}") = "MixinXRef.UnitTests.CustomRemotionReflector", "MixinXRef.UnitTests.CustomRemotionReflector\MixinXRef.UnitTests.CustomRemotionReflector.csproj", "{FD486FF7-AB5D-47BF-BE98-0351BFA6F1F1}"
EndProject
Project("{FAE04EC0-301F-11D3-BF4B-00C04F79EFBC}") = "MixinXRef.UnitTests.NonApplicationAssembly", "MixinXRef.UnitTests.NonApplicationAssembly\MixinXRef.UnitTests.NonApplicationAssembly.csproj", "{4D5710EA-E79A-484A-A9A2-2572571274D7}"
EndProject
Project("{FAE04EC0-301F-11D3-BF4B-00C04F79EFBC}") = "MixinXRefGUI", "MixinXRefGUI\MixinXRefGUI.csproj", "{C09D77AC-D4AF-4B1F-8D94-81BA8141F53D}"
EndProject
Project("{FAE04EC0-301F-11D3-BF4B-00C04F79EFBC}") = "MixinXRef.Reflectors", "MixinXRef.Reflectors\MixinXRef.Reflectors.csproj", "{396BE3B3-62F6-4CAA-B55D-7D4EF44E35D9}"
EndProject
Project("{FAE04EC0-301F-11D3-BF4B-00C04F79EFBC}") = "MixinXRef.Reflection", "MixinXRef.Reflection\MixinXRef.Reflection.csproj", "{95D102DD-2321-44C8-9BDC-543B4394650F}"
EndProject
Project("{FAE04EC0-301F-11D3-BF4B-00C04F79EFBC}") = "MixinXRef.Utility", "MixinXRef.Utility\MixinXRef.Utility.csproj", "{831D6258-9202-4D48-B167-C9AEE9E8172F}"
EndProject
Global
	GlobalSection(SolutionConfigurationPlatforms) = preSolution
		Debug|Any CPU = Debug|Any CPU
		Debug|Mixed Platforms = Debug|Mixed Platforms
		Debug|x86 = Debug|x86
		Release|Any CPU = Release|Any CPU
		Release|Mixed Platforms = Release|Mixed Platforms
		Release|x86 = Release|x86
	EndGlobalSection
	GlobalSection(ProjectConfigurationPlatforms) = postSolution
		{3D9AAC2C-20FB-45C0-B8BB-77B3ADB95D9F}.Debug|Any CPU.ActiveCfg = Debug|Any CPU
		{3D9AAC2C-20FB-45C0-B8BB-77B3ADB95D9F}.Debug|Any CPU.Build.0 = Debug|Any CPU
		{3D9AAC2C-20FB-45C0-B8BB-77B3ADB95D9F}.Debug|Mixed Platforms.ActiveCfg = Debug|Any CPU
		{3D9AAC2C-20FB-45C0-B8BB-77B3ADB95D9F}.Debug|Mixed Platforms.Build.0 = Debug|Any CPU
		{3D9AAC2C-20FB-45C0-B8BB-77B3ADB95D9F}.Debug|x86.ActiveCfg = Debug|Any CPU
		{3D9AAC2C-20FB-45C0-B8BB-77B3ADB95D9F}.Release|Any CPU.ActiveCfg = Release|Any CPU
		{3D9AAC2C-20FB-45C0-B8BB-77B3ADB95D9F}.Release|Any CPU.Build.0 = Release|Any CPU
		{3D9AAC2C-20FB-45C0-B8BB-77B3ADB95D9F}.Release|Mixed Platforms.ActiveCfg = Release|Any CPU
		{3D9AAC2C-20FB-45C0-B8BB-77B3ADB95D9F}.Release|Mixed Platforms.Build.0 = Release|Any CPU
		{3D9AAC2C-20FB-45C0-B8BB-77B3ADB95D9F}.Release|x86.ActiveCfg = Release|Any CPU
		{D9D6A235-C449-46F8-80DE-0315A7226ECF}.Debug|Any CPU.ActiveCfg = Debug|Any CPU
		{D9D6A235-C449-46F8-80DE-0315A7226ECF}.Debug|Any CPU.Build.0 = Debug|Any CPU
		{D9D6A235-C449-46F8-80DE-0315A7226ECF}.Debug|Mixed Platforms.ActiveCfg = Debug|Any CPU
		{D9D6A235-C449-46F8-80DE-0315A7226ECF}.Debug|Mixed Platforms.Build.0 = Debug|Any CPU
		{D9D6A235-C449-46F8-80DE-0315A7226ECF}.Debug|x86.ActiveCfg = Debug|Any CPU
		{D9D6A235-C449-46F8-80DE-0315A7226ECF}.Release|Any CPU.ActiveCfg = Release|Any CPU
		{D9D6A235-C449-46F8-80DE-0315A7226ECF}.Release|Any CPU.Build.0 = Release|Any CPU
		{D9D6A235-C449-46F8-80DE-0315A7226ECF}.Release|Mixed Platforms.ActiveCfg = Release|Any CPU
		{D9D6A235-C449-46F8-80DE-0315A7226ECF}.Release|Mixed Platforms.Build.0 = Release|Any CPU
		{D9D6A235-C449-46F8-80DE-0315A7226ECF}.Release|x86.ActiveCfg = Release|Any CPU
		{FD486FF7-AB5D-47BF-BE98-0351BFA6F1F1}.Debug|Any CPU.ActiveCfg = Debug|Any CPU
		{FD486FF7-AB5D-47BF-BE98-0351BFA6F1F1}.Debug|Any CPU.Build.0 = Debug|Any CPU
		{FD486FF7-AB5D-47BF-BE98-0351BFA6F1F1}.Debug|Mixed Platforms.ActiveCfg = Debug|Any CPU
		{FD486FF7-AB5D-47BF-BE98-0351BFA6F1F1}.Debug|Mixed Platforms.Build.0 = Debug|Any CPU
		{FD486FF7-AB5D-47BF-BE98-0351BFA6F1F1}.Debug|x86.ActiveCfg = Debug|Any CPU
		{FD486FF7-AB5D-47BF-BE98-0351BFA6F1F1}.Release|Any CPU.ActiveCfg = Release|Any CPU
		{FD486FF7-AB5D-47BF-BE98-0351BFA6F1F1}.Release|Any CPU.Build.0 = Release|Any CPU
		{FD486FF7-AB5D-47BF-BE98-0351BFA6F1F1}.Release|Mixed Platforms.ActiveCfg = Release|Any CPU
		{FD486FF7-AB5D-47BF-BE98-0351BFA6F1F1}.Release|Mixed Platforms.Build.0 = Release|Any CPU
		{FD486FF7-AB5D-47BF-BE98-0351BFA6F1F1}.Release|x86.ActiveCfg = Release|Any CPU
		{4D5710EA-E79A-484A-A9A2-2572571274D7}.Debug|Any CPU.ActiveCfg = Debug|Any CPU
		{4D5710EA-E79A-484A-A9A2-2572571274D7}.Debug|Any CPU.Build.0 = Debug|Any CPU
		{4D5710EA-E79A-484A-A9A2-2572571274D7}.Debug|Mixed Platforms.ActiveCfg = Debug|Any CPU
		{4D5710EA-E79A-484A-A9A2-2572571274D7}.Debug|Mixed Platforms.Build.0 = Debug|Any CPU
		{4D5710EA-E79A-484A-A9A2-2572571274D7}.Debug|x86.ActiveCfg = Debug|Any CPU
		{4D5710EA-E79A-484A-A9A2-2572571274D7}.Release|Any CPU.ActiveCfg = Release|Any CPU
		{4D5710EA-E79A-484A-A9A2-2572571274D7}.Release|Any CPU.Build.0 = Release|Any CPU
		{4D5710EA-E79A-484A-A9A2-2572571274D7}.Release|Mixed Platforms.ActiveCfg = Release|Any CPU
		{4D5710EA-E79A-484A-A9A2-2572571274D7}.Release|Mixed Platforms.Build.0 = Release|Any CPU
		{4D5710EA-E79A-484A-A9A2-2572571274D7}.Release|x86.ActiveCfg = Release|Any CPU
		{C09D77AC-D4AF-4B1F-8D94-81BA8141F53D}.Debug|Any CPU.ActiveCfg = Debug|x86
		{C09D77AC-D4AF-4B1F-8D94-81BA8141F53D}.Debug|Mixed Platforms.ActiveCfg = Debug|x86
		{C09D77AC-D4AF-4B1F-8D94-81BA8141F53D}.Debug|Mixed Platforms.Build.0 = Debug|x86
		{C09D77AC-D4AF-4B1F-8D94-81BA8141F53D}.Debug|x86.ActiveCfg = Debug|x86
		{C09D77AC-D4AF-4B1F-8D94-81BA8141F53D}.Debug|x86.Build.0 = Debug|x86
		{C09D77AC-D4AF-4B1F-8D94-81BA8141F53D}.Release|Any CPU.ActiveCfg = Release|x86
		{C09D77AC-D4AF-4B1F-8D94-81BA8141F53D}.Release|Mixed Platforms.ActiveCfg = Release|x86
		{C09D77AC-D4AF-4B1F-8D94-81BA8141F53D}.Release|Mixed Platforms.Build.0 = Release|x86
		{C09D77AC-D4AF-4B1F-8D94-81BA8141F53D}.Release|x86.ActiveCfg = Release|x86
		{C09D77AC-D4AF-4B1F-8D94-81BA8141F53D}.Release|x86.Build.0 = Release|x86
		{396BE3B3-62F6-4CAA-B55D-7D4EF44E35D9}.Debug|Any CPU.ActiveCfg = Debug|Any CPU
		{396BE3B3-62F6-4CAA-B55D-7D4EF44E35D9}.Debug|Any CPU.Build.0 = Debug|Any CPU
		{396BE3B3-62F6-4CAA-B55D-7D4EF44E35D9}.Debug|Mixed Platforms.ActiveCfg = Debug|Any CPU
		{396BE3B3-62F6-4CAA-B55D-7D4EF44E35D9}.Debug|Mixed Platforms.Build.0 = Debug|Any CPU
		{396BE3B3-62F6-4CAA-B55D-7D4EF44E35D9}.Debug|x86.ActiveCfg = Debug|Any CPU
		{396BE3B3-62F6-4CAA-B55D-7D4EF44E35D9}.Release|Any CPU.ActiveCfg = Release|Any CPU
		{396BE3B3-62F6-4CAA-B55D-7D4EF44E35D9}.Release|Any CPU.Build.0 = Release|Any CPU
		{396BE3B3-62F6-4CAA-B55D-7D4EF44E35D9}.Release|Mixed Platforms.ActiveCfg = Release|Any CPU
		{396BE3B3-62F6-4CAA-B55D-7D4EF44E35D9}.Release|Mixed Platforms.Build.0 = Release|Any CPU
		{396BE3B3-62F6-4CAA-B55D-7D4EF44E35D9}.Release|x86.ActiveCfg = Release|Any CPU
		{95D102DD-2321-44C8-9BDC-543B4394650F}.Debug|Any CPU.ActiveCfg = Debug|Any CPU
		{95D102DD-2321-44C8-9BDC-543B4394650F}.Debug|Any CPU.Build.0 = Debug|Any CPU
		{95D102DD-2321-44C8-9BDC-543B4394650F}.Debug|Mixed Platforms.ActiveCfg = Debug|Any CPU
		{95D102DD-2321-44C8-9BDC-543B4394650F}.Debug|Mixed Platforms.Build.0 = Debug|Any CPU
		{95D102DD-2321-44C8-9BDC-543B4394650F}.Debug|x86.ActiveCfg = Debug|Any CPU
		{95D102DD-2321-44C8-9BDC-543B4394650F}.Release|Any CPU.ActiveCfg = Release|Any CPU
		{95D102DD-2321-44C8-9BDC-543B4394650F}.Release|Any CPU.Build.0 = Release|Any CPU
		{95D102DD-2321-44C8-9BDC-543B4394650F}.Release|Mixed Platforms.ActiveCfg = Release|Any CPU
		{95D102DD-2321-44C8-9BDC-543B4394650F}.Release|Mixed Platforms.Build.0 = Release|Any CPU
		{95D102DD-2321-44C8-9BDC-543B4394650F}.Release|x86.ActiveCfg = Release|Any CPU
		{831D6258-9202-4D48-B167-C9AEE9E8172F}.Debug|Any CPU.ActiveCfg = Debug|Any CPU
		{831D6258-9202-4D48-B167-C9AEE9E8172F}.Debug|Any CPU.Build.0 = Debug|Any CPU
		{831D6258-9202-4D48-B167-C9AEE9E8172F}.Debug|Mixed Platforms.ActiveCfg = Debug|Any CPU
		{831D6258-9202-4D48-B167-C9AEE9E8172F}.Debug|Mixed Platforms.Build.0 = Debug|Any CPU
		{831D6258-9202-4D48-B167-C9AEE9E8172F}.Debug|x86.ActiveCfg = Debug|Any CPU
		{831D6258-9202-4D48-B167-C9AEE9E8172F}.Release|Any CPU.ActiveCfg = Release|Any CPU
		{831D6258-9202-4D48-B167-C9AEE9E8172F}.Release|Any CPU.Build.0 = Release|Any CPU
		{831D6258-9202-4D48-B167-C9AEE9E8172F}.Release|Mixed Platforms.ActiveCfg = Release|Any CPU
		{831D6258-9202-4D48-B167-C9AEE9E8172F}.Release|Mixed Platforms.Build.0 = Release|Any CPU
		{831D6258-9202-4D48-B167-C9AEE9E8172F}.Release|x86.ActiveCfg = Release|Any CPU
	EndGlobalSection
	GlobalSection(SolutionProperties) = preSolution
		HideSolutionNode = FALSE
	EndGlobalSection
EndGlobal
