
Microsoft Visual Studio Solution File, Format Version 12.00
# Visual Studio 2013
VisualStudioVersion = 12.0.31101.0
MinimumVisualStudioVersion = 10.0.40219.1
Project("{FAE04EC0-301F-11D3-BF4B-00C04F79EFBC}") = "MixinXRef", "MixinXRef\MixinXRef.csproj", "{3D9AAC2C-20FB-45C0-B8BB-77B3ADB95D9F}"
EndProject
Project("{FAE04EC0-301F-11D3-BF4B-00C04F79EFBC}") = "MixinXRef.UnitTests", "UnitTests\MixinXRef.UnitTests\MixinXRef.UnitTests.csproj", "{D9D6A235-C449-46F8-80DE-0315A7226ECF}"
EndProject
Project("{FAE04EC0-301F-11D3-BF4B-00C04F79EFBC}") = "MixinXRef.UnitTests.CustomRemotionReflector", "UnitTests\MixinXRef.UnitTests.CustomRemotionReflector\MixinXRef.UnitTests.CustomRemotionReflector.csproj", "{FD486FF7-AB5D-47BF-BE98-0351BFA6F1F1}"
EndProject
Project("{FAE04EC0-301F-11D3-BF4B-00C04F79EFBC}") = "MixinXRef.UnitTests.NonApplicationAssembly", "UnitTests\MixinXRef.UnitTests.NonApplicationAssembly\MixinXRef.UnitTests.NonApplicationAssembly.csproj", "{4D5710EA-E79A-484A-A9A2-2572571274D7}"
EndProject
Project("{FAE04EC0-301F-11D3-BF4B-00C04F79EFBC}") = "MixinXRefGUI", "MixinXRefGUI\MixinXRefGUI.csproj", "{C09D77AC-D4AF-4B1F-8D94-81BA8141F53D}"
EndProject
Project("{FAE04EC0-301F-11D3-BF4B-00C04F79EFBC}") = "MixinXRef.Reflectors", "MixinXRef.Reflectors\MixinXRef.Reflectors.csproj", "{396BE3B3-62F6-4CAA-B55D-7D4EF44E35D9}"
EndProject
Project("{FAE04EC0-301F-11D3-BF4B-00C04F79EFBC}") = "MixinXRef.Reflection", "MixinXRef.Reflection\MixinXRef.Reflection.csproj", "{95D102DD-2321-44C8-9BDC-543B4394650F}"
EndProject
Project("{FAE04EC0-301F-11D3-BF4B-00C04F79EFBC}") = "MixinXRef.Utility", "MixinXRef.Utility\MixinXRef.Utility.csproj", "{831D6258-9202-4D48-B167-C9AEE9E8172F}"
EndProject
Project("{FAE04EC0-301F-11D3-BF4B-00C04F79EFBC}") = "MixinXRefConsole", "MixinXRefConsole\MixinXRefConsole.csproj", "{FFDD0510-463C-4EF6-A9EC-576B99E2A949}"
EndProject
Project("{2150E333-8FDC-42A3-9474-1A3956D46DE8}") = ".nuget", ".nuget", "{82C4272B-258D-4CC8-8B6A-71144CDBD448}"
	ProjectSection(SolutionItems) = preProject
		.nuget\NuGet.Config = .nuget\NuGet.Config
		.nuget\packages.config = .nuget\packages.config
		packages\repositories.config = packages\repositories.config
	EndProjectSection
EndProject
Project("{2150E333-8FDC-42A3-9474-1A3956D46DE8}") = "UnitTests", "UnitTests", "{5B8E6172-64C2-4ABD-BF06-D4214C1DBFF4}"
EndProject
Project("{2150E333-8FDC-42A3-9474-1A3956D46DE8}") = "Reflectors", "Reflectors", "{634FFE58-BE0A-4C69-A02A-D3DCB0FB38CD}"
EndProject
Project("{FAE04EC0-301F-11D3-BF4B-00C04F79EFBC}") = "MixinXRef.UnitTests.DefaultReflector", "UnitTests\MixinXRef.UnitTests.DefaultReflector\MixinXRef.UnitTests.DefaultReflector.csproj", "{FC0BCD17-F278-45AC-990D-C52EA4EF9D03}"
EndProject
Project("{FAE04EC0-301F-11D3-BF4B-00C04F79EFBC}") = "MixinXRef.UnitTests.OldMixinDependenciesReflector", "UnitTests\MixinXRef.UnitTests.OldMixinDependenciesReflector\MixinXRef.UnitTests.OldMixinDependenciesReflector.csproj", "{36B65F7D-0004-49D8-AA09-4A339D0B47D9}"
EndProject
Project("{FAE04EC0-301F-11D3-BF4B-00C04F79EFBC}") = "MixinXRef.UnitTests.TargetClassDefinitionFactoryReflector", "UnitTests\MixinXRef.UnitTests.TargetClassDefinitionFactoryReflector\MixinXRef.UnitTests.TargetClassDefinitionFactoryReflector.csproj", "{B42BD371-65D9-440A-AF96-B0DDD9F47D09}"
EndProject
Project("{FAE04EC0-301F-11D3-BF4B-00C04F79EFBC}") = "MixinXRef.UnitTests.NewMixinDependenciesReflector", "UnitTests\MixinXRef.UnitTests.NewMixinDependenciesReflector\MixinXRef.UnitTests.NewMixinDependenciesReflector.csproj", "{CF288F75-80A7-44A0-90A6-5DC2C4353353}"
EndProject
Project("{FAE04EC0-301F-11D3-BF4B-00C04F79EFBC}") = "MixinXRef.UnitTests.MixinAssemblyReflector", "UnitTests\MixinXRef.UnitTests.MixinAssemblyReflector\MixinXRef.UnitTests.MixinAssemblyReflector.csproj", "{A89D03F1-E773-450D-A4B5-9959484270F9}"
EndProject
Project("{2150E333-8FDC-42A3-9474-1A3956D46DE8}") = "Remotion", "Remotion", "{86816A4F-ABE3-4DFC-8578-974145FC5FB2}"
EndProject
Project("{2150E333-8FDC-42A3-9474-1A3956D46DE8}") = "1.13.23", "1.13.23", "{E92C9C0E-7745-4D9A-B80A-15EF21883FA8}"
	ProjectSection(SolutionItems) = preProject
		UnitTests\Remotion\1.13.23\Castle.Core.dll = UnitTests\Remotion\1.13.23\Castle.Core.dll
		UnitTests\Remotion\1.13.23\Castle.Core.pdb = UnitTests\Remotion\1.13.23\Castle.Core.pdb
		UnitTests\Remotion\1.13.23\Castle.Core.xml = UnitTests\Remotion\1.13.23\Castle.Core.xml
		UnitTests\Remotion\1.13.23\Castle.DynamicProxy2.dll = UnitTests\Remotion\1.13.23\Castle.DynamicProxy2.dll
		UnitTests\Remotion\1.13.23\Castle.DynamicProxy2.pdb = UnitTests\Remotion\1.13.23\Castle.DynamicProxy2.pdb
		UnitTests\Remotion\1.13.23\Castle.DynamicProxy2.xml = UnitTests\Remotion\1.13.23\Castle.DynamicProxy2.xml
		UnitTests\Remotion\1.13.23\log4net.dll = UnitTests\Remotion\1.13.23\log4net.dll
		UnitTests\Remotion\1.13.23\log4net.xml = UnitTests\Remotion\1.13.23\log4net.xml
		UnitTests\Remotion\1.13.23\Remotion.dll = UnitTests\Remotion\1.13.23\Remotion.dll
		UnitTests\Remotion\1.13.23\Remotion.Interfaces.dll = UnitTests\Remotion\1.13.23\Remotion.Interfaces.dll
		UnitTests\Remotion\1.13.23\Remotion.Interfaces.pdb = UnitTests\Remotion\1.13.23\Remotion.Interfaces.pdb
		UnitTests\Remotion\1.13.23\Remotion.Interfaces.xml = UnitTests\Remotion\1.13.23\Remotion.Interfaces.xml
		UnitTests\Remotion\1.13.23\Remotion.pdb = UnitTests\Remotion\1.13.23\Remotion.pdb
		UnitTests\Remotion\1.13.23\Remotion.xml = UnitTests\Remotion\1.13.23\Remotion.xml
	EndProjectSection
EndProject
Project("{2150E333-8FDC-42A3-9474-1A3956D46DE8}") = "1.11.20", "1.11.20", "{2A316855-8CAA-44C9-85D1-29E30C51C91C}"
	ProjectSection(SolutionItems) = preProject
		UnitTests\Remotion\1.11.20\Castle.Core.dll = UnitTests\Remotion\1.11.20\Castle.Core.dll
		UnitTests\Remotion\1.11.20\Castle.Core.pdb = UnitTests\Remotion\1.11.20\Castle.Core.pdb
		UnitTests\Remotion\1.11.20\Castle.Core.xml = UnitTests\Remotion\1.11.20\Castle.Core.xml
		UnitTests\Remotion\1.11.20\Castle.DynamicProxy.dll = UnitTests\Remotion\1.11.20\Castle.DynamicProxy.dll
		UnitTests\Remotion\1.11.20\Castle.DynamicProxy.pdb = UnitTests\Remotion\1.11.20\Castle.DynamicProxy.pdb
		UnitTests\Remotion\1.11.20\Castle.DynamicProxy.xml = UnitTests\Remotion\1.11.20\Castle.DynamicProxy.xml
		UnitTests\Remotion\1.11.20\log4net.dll = UnitTests\Remotion\1.11.20\log4net.dll
		UnitTests\Remotion\1.11.20\log4net.xml = UnitTests\Remotion\1.11.20\log4net.xml
		UnitTests\Remotion\1.11.20\nunit.framework.dll = UnitTests\Remotion\1.11.20\nunit.framework.dll
		UnitTests\Remotion\1.11.20\Remotion.dll = UnitTests\Remotion\1.11.20\Remotion.dll
		UnitTests\Remotion\1.11.20\Remotion.Interfaces.dll = UnitTests\Remotion\1.11.20\Remotion.Interfaces.dll
		UnitTests\Remotion\1.11.20\Remotion.Interfaces.pdb = UnitTests\Remotion\1.11.20\Remotion.Interfaces.pdb
		UnitTests\Remotion\1.11.20\Remotion.Interfaces.xml = UnitTests\Remotion\1.11.20\Remotion.Interfaces.xml
		UnitTests\Remotion\1.11.20\Remotion.pdb = UnitTests\Remotion\1.11.20\Remotion.pdb
		UnitTests\Remotion\1.11.20\Remotion.xml = UnitTests\Remotion\1.11.20\Remotion.xml
		UnitTests\Remotion\1.11.20\Rhino.Mocks acknowledgements.txt = UnitTests\Remotion\1.11.20\Rhino.Mocks acknowledgements.txt
		UnitTests\Remotion\1.11.20\Rhino.Mocks license.txt = UnitTests\Remotion\1.11.20\Rhino.Mocks license.txt
		UnitTests\Remotion\1.11.20\Rhino.Mocks.dll = UnitTests\Remotion\1.11.20\Rhino.Mocks.dll
		UnitTests\Remotion\1.11.20\Rhino.Mocks.xml = UnitTests\Remotion\1.11.20\Rhino.Mocks.xml
	EndProjectSection
EndProject
Project("{2150E333-8FDC-42A3-9474-1A3956D46DE8}") = "1.13.141", "1.13.141", "{24FE1F98-54C3-4507-BC29-B1DD6848A3B6}"
	ProjectSection(SolutionItems) = preProject
		UnitTests\Remotion\1.13.141\Castle.Core.dll = UnitTests\Remotion\1.13.141\Castle.Core.dll
		UnitTests\Remotion\1.13.141\Castle.Core.pdb = UnitTests\Remotion\1.13.141\Castle.Core.pdb
		UnitTests\Remotion\1.13.141\Castle.Core.xml = UnitTests\Remotion\1.13.141\Castle.Core.xml
		UnitTests\Remotion\1.13.141\Castle.DynamicProxy2.dll = UnitTests\Remotion\1.13.141\Castle.DynamicProxy2.dll
		UnitTests\Remotion\1.13.141\Castle.DynamicProxy2.pdb = UnitTests\Remotion\1.13.141\Castle.DynamicProxy2.pdb
		UnitTests\Remotion\1.13.141\Castle.DynamicProxy2.xml = UnitTests\Remotion\1.13.141\Castle.DynamicProxy2.xml
		UnitTests\Remotion\1.13.141\log4net.dll = UnitTests\Remotion\1.13.141\log4net.dll
		UnitTests\Remotion\1.13.141\log4net.xml = UnitTests\Remotion\1.13.141\log4net.xml
		UnitTests\Remotion\1.13.141\Microsoft.Practices.ServiceLocation.dll = UnitTests\Remotion\1.13.141\Microsoft.Practices.ServiceLocation.dll
		UnitTests\Remotion\1.13.141\Microsoft.Practices.ServiceLocation.xml = UnitTests\Remotion\1.13.141\Microsoft.Practices.ServiceLocation.xml
		UnitTests\Remotion\1.13.141\Remotion.dll = UnitTests\Remotion\1.13.141\Remotion.dll
		UnitTests\Remotion\1.13.141\Remotion.Mixins.dll = UnitTests\Remotion\1.13.141\Remotion.Mixins.dll
		UnitTests\Remotion\1.13.141\Remotion.Mixins.pdb = UnitTests\Remotion\1.13.141\Remotion.Mixins.pdb
		UnitTests\Remotion\1.13.141\Remotion.Mixins.XML = UnitTests\Remotion\1.13.141\Remotion.Mixins.XML
		UnitTests\Remotion\1.13.141\Remotion.pdb = UnitTests\Remotion\1.13.141\Remotion.pdb
		UnitTests\Remotion\1.13.141\Remotion.XML = UnitTests\Remotion\1.13.141\Remotion.XML
	EndProjectSection
EndProject
Project("{2150E333-8FDC-42A3-9474-1A3956D46DE8}") = "Solution Items", "Solution Items", "{F746EC4A-D5B4-471D-9480-C045EF98D3B1}"
	ProjectSection(SolutionItems) = preProject
		AssemblyInfoShared.cs = AssemblyInfoShared.cs
		DependDB.config.xml = DependDB.config.xml
		MixinXRef.licenseheader = MixinXRef.licenseheader
	EndProjectSection
EndProject
Project("{2150E333-8FDC-42A3-9474-1A3956D46DE8}") = "IntegrationTests", "IntegrationTests", "{26F59F87-6047-44A7-A8B3-AB9473D985C3}"
EndProject
Project("{FAE04EC0-301F-11D3-BF4B-00C04F79EFBC}") = "WebAppWithWebConfigTest", "IntegrationTests\WebAppWithWebConfigTest\WebAppWithWebConfigTest.csproj", "{409BA07A-E7A8-45D7-97CF-E05537632141}"
EndProject
Project("{FAE04EC0-301F-11D3-BF4B-00C04F79EFBC}") = "MixinXRef.UnitTests.ComposedInterfacesReflector", "UnitTests\MixinXRef.UnitTests.ComposedInterfacesReflector\MixinXRef.UnitTests.ComposedInterfacesReflector.csproj", "{3C87F5F0-C867-4CEC-8DF9-B6405C2CCAF3}"
EndProject
Project("{FAE04EC0-301F-11D3-BF4B-00C04F79EFBC}") = "MixinXRef.ReMotionApiUsageAssembly", "MixinXRef.ReMotionApiUsageAssembly\MixinXRef.ReMotionApiUsageAssembly.csproj", "{AD4AB82E-5D07-4BBC-A8EB-6D128A7BC591}"
EndProject
Project("{FAE04EC0-301F-11D3-BF4B-00C04F79EFBC}") = "MixinSampleAssembly", "IntegrationTests\MixinSampleAssembly\MixinSampleAssembly.csproj", "{EE08CA29-C7F0-40C8-8841-35FF0BDA17B6}"
EndProject
Project("{FAE04EC0-301F-11D3-BF4B-00C04F79EFBC}") = "Build", "Build\Build.csproj", "{D7C28391-1FC6-4207-A2BB-4D7B75EF404F}"
EndProject
Project("{2150E333-8FDC-42A3-9474-1A3956D46DE8}") = "1.13.173", "1.13.173", "{D5CD0030-1919-4DA1-8047-FF15BB5E13BE}"
	ProjectSection(SolutionItems) = preProject
		IntegrationTests\Remotion\1.13.173\Castle.Core.dll = IntegrationTests\Remotion\1.13.173\Castle.Core.dll
		IntegrationTests\Remotion\1.13.173\Castle.Core.pdb = IntegrationTests\Remotion\1.13.173\Castle.Core.pdb
		IntegrationTests\Remotion\1.13.173\Castle.Core.xml = IntegrationTests\Remotion\1.13.173\Castle.Core.xml
		IntegrationTests\Remotion\1.13.173\log4net.dll = IntegrationTests\Remotion\1.13.173\log4net.dll
		IntegrationTests\Remotion\1.13.173\log4net.xml = IntegrationTests\Remotion\1.13.173\log4net.xml
		IntegrationTests\Remotion\1.13.173\Microsoft.Practices.ServiceLocation.dll = IntegrationTests\Remotion\1.13.173\Microsoft.Practices.ServiceLocation.dll
		IntegrationTests\Remotion\1.13.173\Microsoft.Practices.ServiceLocation.xml = IntegrationTests\Remotion\1.13.173\Microsoft.Practices.ServiceLocation.xml
		IntegrationTests\Remotion\1.13.173\Remotion.dll = IntegrationTests\Remotion\1.13.173\Remotion.dll
		IntegrationTests\Remotion\1.13.173\Remotion.Mixins.dll = IntegrationTests\Remotion\1.13.173\Remotion.Mixins.dll
		IntegrationTests\Remotion\1.13.173\Remotion.Mixins.pdb = IntegrationTests\Remotion\1.13.173\Remotion.Mixins.pdb
		IntegrationTests\Remotion\1.13.173\Remotion.Mixins.XML = IntegrationTests\Remotion\1.13.173\Remotion.Mixins.XML
		IntegrationTests\Remotion\1.13.173\Remotion.pdb = IntegrationTests\Remotion\1.13.173\Remotion.pdb
		IntegrationTests\Remotion\1.13.173\Remotion.TypePipe.dll = IntegrationTests\Remotion\1.13.173\Remotion.TypePipe.dll
		IntegrationTests\Remotion\1.13.173\Remotion.TypePipe.pdb = IntegrationTests\Remotion\1.13.173\Remotion.TypePipe.pdb
		IntegrationTests\Remotion\1.13.173\Remotion.TypePipe.xml = IntegrationTests\Remotion\1.13.173\Remotion.TypePipe.xml
		IntegrationTests\Remotion\1.13.173\Remotion.XML = IntegrationTests\Remotion\1.13.173\Remotion.XML
	EndProjectSection
EndProject
Project("{2150E333-8FDC-42A3-9474-1A3956D46DE8}") = "1.13.174.0", "1.13.174.0", "{3C597E06-895C-4352-8AB2-D157D4E25BA8}"
	ProjectSection(SolutionItems) = preProject
		IntegrationTests\Remotion\1.13.174.0\Castle.Core.dll = IntegrationTests\Remotion\1.13.174.0\Castle.Core.dll
		IntegrationTests\Remotion\1.13.174.0\Castle.Core.pdb = IntegrationTests\Remotion\1.13.174.0\Castle.Core.pdb
		IntegrationTests\Remotion\1.13.174.0\Castle.Core.xml = IntegrationTests\Remotion\1.13.174.0\Castle.Core.xml
		IntegrationTests\Remotion\1.13.174.0\log4net.dll = IntegrationTests\Remotion\1.13.174.0\log4net.dll
		IntegrationTests\Remotion\1.13.174.0\log4net.xml = IntegrationTests\Remotion\1.13.174.0\log4net.xml
		IntegrationTests\Remotion\1.13.174.0\Microsoft.Practices.ServiceLocation.dll = IntegrationTests\Remotion\1.13.174.0\Microsoft.Practices.ServiceLocation.dll
		IntegrationTests\Remotion\1.13.174.0\Microsoft.Practices.ServiceLocation.xml = IntegrationTests\Remotion\1.13.174.0\Microsoft.Practices.ServiceLocation.xml
		IntegrationTests\Remotion\1.13.174.0\Remotion.dll = IntegrationTests\Remotion\1.13.174.0\Remotion.dll
		IntegrationTests\Remotion\1.13.174.0\Remotion.Mixins.dll = IntegrationTests\Remotion\1.13.174.0\Remotion.Mixins.dll
		IntegrationTests\Remotion\1.13.174.0\Remotion.Mixins.pdb = IntegrationTests\Remotion\1.13.174.0\Remotion.Mixins.pdb
		IntegrationTests\Remotion\1.13.174.0\Remotion.Mixins.XML = IntegrationTests\Remotion\1.13.174.0\Remotion.Mixins.XML
		IntegrationTests\Remotion\1.13.174.0\Remotion.pdb = IntegrationTests\Remotion\1.13.174.0\Remotion.pdb
		IntegrationTests\Remotion\1.13.174.0\Remotion.TypePipe.dll = IntegrationTests\Remotion\1.13.174.0\Remotion.TypePipe.dll
		IntegrationTests\Remotion\1.13.174.0\Remotion.TypePipe.pdb = IntegrationTests\Remotion\1.13.174.0\Remotion.TypePipe.pdb
		IntegrationTests\Remotion\1.13.174.0\Remotion.TypePipe.xml = IntegrationTests\Remotion\1.13.174.0\Remotion.TypePipe.xml
		IntegrationTests\Remotion\1.13.174.0\Remotion.XML = IntegrationTests\Remotion\1.13.174.0\Remotion.XML
	EndProjectSection
EndProject
Project("{2150E333-8FDC-42A3-9474-1A3956D46DE8}") = "1.13.182.0", "1.13.182.0", "{71C1B7BC-E2F6-470E-AD2C-D3E7E9CA2204}"
	ProjectSection(SolutionItems) = preProject
		UnitTests\Remotion\1.13.182.0\Castle.Core.dll = UnitTests\Remotion\1.13.182.0\Castle.Core.dll
		UnitTests\Remotion\1.13.182.0\Castle.Core.pdb = UnitTests\Remotion\1.13.182.0\Castle.Core.pdb
		UnitTests\Remotion\1.13.182.0\Castle.Core.xml = UnitTests\Remotion\1.13.182.0\Castle.Core.xml
		UnitTests\Remotion\1.13.182.0\log4net.dll = UnitTests\Remotion\1.13.182.0\log4net.dll
		UnitTests\Remotion\1.13.182.0\log4net.xml = UnitTests\Remotion\1.13.182.0\log4net.xml
		UnitTests\Remotion\1.13.182.0\Microsoft.Practices.ServiceLocation.dll = UnitTests\Remotion\1.13.182.0\Microsoft.Practices.ServiceLocation.dll
		UnitTests\Remotion\1.13.182.0\Microsoft.Practices.ServiceLocation.xml = UnitTests\Remotion\1.13.182.0\Microsoft.Practices.ServiceLocation.xml
		UnitTests\Remotion\1.13.182.0\Remotion.dll = UnitTests\Remotion\1.13.182.0\Remotion.dll
		UnitTests\Remotion\1.13.182.0\Remotion.Mixins.dll = UnitTests\Remotion\1.13.182.0\Remotion.Mixins.dll
		UnitTests\Remotion\1.13.182.0\Remotion.Mixins.pdb = UnitTests\Remotion\1.13.182.0\Remotion.Mixins.pdb
		UnitTests\Remotion\1.13.182.0\Remotion.Mixins.XML = UnitTests\Remotion\1.13.182.0\Remotion.Mixins.XML
		UnitTests\Remotion\1.13.182.0\Remotion.pdb = UnitTests\Remotion\1.13.182.0\Remotion.pdb
		UnitTests\Remotion\1.13.182.0\Remotion.TypePipe.dll = UnitTests\Remotion\1.13.182.0\Remotion.TypePipe.dll
		UnitTests\Remotion\1.13.182.0\Remotion.TypePipe.pdb = UnitTests\Remotion\1.13.182.0\Remotion.TypePipe.pdb
		UnitTests\Remotion\1.13.182.0\Remotion.TypePipe.xml = UnitTests\Remotion\1.13.182.0\Remotion.TypePipe.xml
		UnitTests\Remotion\1.13.182.0\Remotion.xml = UnitTests\Remotion\1.13.182.0\Remotion.xml
	EndProjectSection
EndProject
Project("{FAE04EC0-301F-11D3-BF4B-00C04F79EFBC}") = "MixinXRefAnalyzer", "MixinXRefAnalyzer\MixinXRefAnalyzer.csproj", "{0E7D1470-AF21-4A6D-BACA-A972D18BB337}"
EndProject
Global
	GlobalSection(SolutionConfigurationPlatforms) = preSolution
		Debug|Any CPU = Debug|Any CPU
		Debug|Mixed Platforms = Debug|Mixed Platforms
		Debug|x86 = Debug|x86
		Release|Any CPU = Release|Any CPU
		Release|Mixed Platforms = Release|Mixed Platforms
		Release|x86 = Release|x86
	EndGlobalSection
	GlobalSection(ProjectConfigurationPlatforms) = postSolution
		{3D9AAC2C-20FB-45C0-B8BB-77B3ADB95D9F}.Debug|Any CPU.ActiveCfg = Debug|Any CPU
		{3D9AAC2C-20FB-45C0-B8BB-77B3ADB95D9F}.Debug|Any CPU.Build.0 = Debug|Any CPU
		{3D9AAC2C-20FB-45C0-B8BB-77B3ADB95D9F}.Debug|Mixed Platforms.ActiveCfg = Debug|Any CPU
		{3D9AAC2C-20FB-45C0-B8BB-77B3ADB95D9F}.Debug|Mixed Platforms.Build.0 = Debug|Any CPU
		{3D9AAC2C-20FB-45C0-B8BB-77B3ADB95D9F}.Debug|x86.ActiveCfg = Debug|Any CPU
		{3D9AAC2C-20FB-45C0-B8BB-77B3ADB95D9F}.Release|Any CPU.ActiveCfg = Release|Any CPU
		{3D9AAC2C-20FB-45C0-B8BB-77B3ADB95D9F}.Release|Any CPU.Build.0 = Release|Any CPU
		{3D9AAC2C-20FB-45C0-B8BB-77B3ADB95D9F}.Release|Mixed Platforms.ActiveCfg = Release|Any CPU
		{3D9AAC2C-20FB-45C0-B8BB-77B3ADB95D9F}.Release|Mixed Platforms.Build.0 = Release|Any CPU
		{3D9AAC2C-20FB-45C0-B8BB-77B3ADB95D9F}.Release|x86.ActiveCfg = Release|Any CPU
		{D9D6A235-C449-46F8-80DE-0315A7226ECF}.Debug|Any CPU.ActiveCfg = Debug|Any CPU
		{D9D6A235-C449-46F8-80DE-0315A7226ECF}.Debug|Any CPU.Build.0 = Debug|Any CPU
		{D9D6A235-C449-46F8-80DE-0315A7226ECF}.Debug|Mixed Platforms.ActiveCfg = Debug|Any CPU
		{D9D6A235-C449-46F8-80DE-0315A7226ECF}.Debug|Mixed Platforms.Build.0 = Debug|Any CPU
		{D9D6A235-C449-46F8-80DE-0315A7226ECF}.Debug|x86.ActiveCfg = Debug|Any CPU
		{D9D6A235-C449-46F8-80DE-0315A7226ECF}.Release|Any CPU.ActiveCfg = Release|Any CPU
		{D9D6A235-C449-46F8-80DE-0315A7226ECF}.Release|Any CPU.Build.0 = Release|Any CPU
		{D9D6A235-C449-46F8-80DE-0315A7226ECF}.Release|Mixed Platforms.ActiveCfg = Release|Any CPU
		{D9D6A235-C449-46F8-80DE-0315A7226ECF}.Release|Mixed Platforms.Build.0 = Release|Any CPU
		{D9D6A235-C449-46F8-80DE-0315A7226ECF}.Release|x86.ActiveCfg = Release|Any CPU
		{FD486FF7-AB5D-47BF-BE98-0351BFA6F1F1}.Debug|Any CPU.ActiveCfg = Debug|Any CPU
		{FD486FF7-AB5D-47BF-BE98-0351BFA6F1F1}.Debug|Any CPU.Build.0 = Debug|Any CPU
		{FD486FF7-AB5D-47BF-BE98-0351BFA6F1F1}.Debug|Mixed Platforms.ActiveCfg = Debug|Any CPU
		{FD486FF7-AB5D-47BF-BE98-0351BFA6F1F1}.Debug|Mixed Platforms.Build.0 = Debug|Any CPU
		{FD486FF7-AB5D-47BF-BE98-0351BFA6F1F1}.Debug|x86.ActiveCfg = Debug|Any CPU
		{FD486FF7-AB5D-47BF-BE98-0351BFA6F1F1}.Release|Any CPU.ActiveCfg = Release|Any CPU
		{FD486FF7-AB5D-47BF-BE98-0351BFA6F1F1}.Release|Any CPU.Build.0 = Release|Any CPU
		{FD486FF7-AB5D-47BF-BE98-0351BFA6F1F1}.Release|Mixed Platforms.ActiveCfg = Release|Any CPU
		{FD486FF7-AB5D-47BF-BE98-0351BFA6F1F1}.Release|Mixed Platforms.Build.0 = Release|Any CPU
		{FD486FF7-AB5D-47BF-BE98-0351BFA6F1F1}.Release|x86.ActiveCfg = Release|Any CPU
		{4D5710EA-E79A-484A-A9A2-2572571274D7}.Debug|Any CPU.ActiveCfg = Debug|Any CPU
		{4D5710EA-E79A-484A-A9A2-2572571274D7}.Debug|Any CPU.Build.0 = Debug|Any CPU
		{4D5710EA-E79A-484A-A9A2-2572571274D7}.Debug|Mixed Platforms.ActiveCfg = Debug|Any CPU
		{4D5710EA-E79A-484A-A9A2-2572571274D7}.Debug|Mixed Platforms.Build.0 = Debug|Any CPU
		{4D5710EA-E79A-484A-A9A2-2572571274D7}.Debug|x86.ActiveCfg = Debug|Any CPU
		{4D5710EA-E79A-484A-A9A2-2572571274D7}.Release|Any CPU.ActiveCfg = Release|Any CPU
		{4D5710EA-E79A-484A-A9A2-2572571274D7}.Release|Any CPU.Build.0 = Release|Any CPU
		{4D5710EA-E79A-484A-A9A2-2572571274D7}.Release|Mixed Platforms.ActiveCfg = Release|Any CPU
		{4D5710EA-E79A-484A-A9A2-2572571274D7}.Release|Mixed Platforms.Build.0 = Release|Any CPU
		{4D5710EA-E79A-484A-A9A2-2572571274D7}.Release|x86.ActiveCfg = Release|Any CPU
		{C09D77AC-D4AF-4B1F-8D94-81BA8141F53D}.Debug|Any CPU.ActiveCfg = Debug|Any CPU
		{C09D77AC-D4AF-4B1F-8D94-81BA8141F53D}.Debug|Any CPU.Build.0 = Debug|Any CPU
		{C09D77AC-D4AF-4B1F-8D94-81BA8141F53D}.Debug|Mixed Platforms.ActiveCfg = Debug|Any CPU
		{C09D77AC-D4AF-4B1F-8D94-81BA8141F53D}.Debug|Mixed Platforms.Build.0 = Debug|Any CPU
		{C09D77AC-D4AF-4B1F-8D94-81BA8141F53D}.Debug|x86.ActiveCfg = Debug|x86
		{C09D77AC-D4AF-4B1F-8D94-81BA8141F53D}.Debug|x86.Build.0 = Debug|x86
		{C09D77AC-D4AF-4B1F-8D94-81BA8141F53D}.Release|Any CPU.ActiveCfg = Release|Any CPU
		{C09D77AC-D4AF-4B1F-8D94-81BA8141F53D}.Release|Any CPU.Build.0 = Release|Any CPU
		{C09D77AC-D4AF-4B1F-8D94-81BA8141F53D}.Release|Mixed Platforms.ActiveCfg = Release|Any CPU
		{C09D77AC-D4AF-4B1F-8D94-81BA8141F53D}.Release|Mixed Platforms.Build.0 = Release|Any CPU
		{C09D77AC-D4AF-4B1F-8D94-81BA8141F53D}.Release|x86.ActiveCfg = Release|x86
		{C09D77AC-D4AF-4B1F-8D94-81BA8141F53D}.Release|x86.Build.0 = Release|x86
		{396BE3B3-62F6-4CAA-B55D-7D4EF44E35D9}.Debug|Any CPU.ActiveCfg = Debug|Any CPU
		{396BE3B3-62F6-4CAA-B55D-7D4EF44E35D9}.Debug|Any CPU.Build.0 = Debug|Any CPU
		{396BE3B3-62F6-4CAA-B55D-7D4EF44E35D9}.Debug|Mixed Platforms.ActiveCfg = Debug|Any CPU
		{396BE3B3-62F6-4CAA-B55D-7D4EF44E35D9}.Debug|Mixed Platforms.Build.0 = Debug|Any CPU
		{396BE3B3-62F6-4CAA-B55D-7D4EF44E35D9}.Debug|x86.ActiveCfg = Debug|Any CPU
		{396BE3B3-62F6-4CAA-B55D-7D4EF44E35D9}.Release|Any CPU.ActiveCfg = Release|Any CPU
		{396BE3B3-62F6-4CAA-B55D-7D4EF44E35D9}.Release|Any CPU.Build.0 = Release|Any CPU
		{396BE3B3-62F6-4CAA-B55D-7D4EF44E35D9}.Release|Mixed Platforms.ActiveCfg = Release|Any CPU
		{396BE3B3-62F6-4CAA-B55D-7D4EF44E35D9}.Release|Mixed Platforms.Build.0 = Release|Any CPU
		{396BE3B3-62F6-4CAA-B55D-7D4EF44E35D9}.Release|x86.ActiveCfg = Release|Any CPU
		{95D102DD-2321-44C8-9BDC-543B4394650F}.Debug|Any CPU.ActiveCfg = Debug|Any CPU
		{95D102DD-2321-44C8-9BDC-543B4394650F}.Debug|Any CPU.Build.0 = Debug|Any CPU
		{95D102DD-2321-44C8-9BDC-543B4394650F}.Debug|Mixed Platforms.ActiveCfg = Debug|Any CPU
		{95D102DD-2321-44C8-9BDC-543B4394650F}.Debug|Mixed Platforms.Build.0 = Debug|Any CPU
		{95D102DD-2321-44C8-9BDC-543B4394650F}.Debug|x86.ActiveCfg = Debug|Any CPU
		{95D102DD-2321-44C8-9BDC-543B4394650F}.Release|Any CPU.ActiveCfg = Release|Any CPU
		{95D102DD-2321-44C8-9BDC-543B4394650F}.Release|Any CPU.Build.0 = Release|Any CPU
		{95D102DD-2321-44C8-9BDC-543B4394650F}.Release|Mixed Platforms.ActiveCfg = Release|Any CPU
		{95D102DD-2321-44C8-9BDC-543B4394650F}.Release|Mixed Platforms.Build.0 = Release|Any CPU
		{95D102DD-2321-44C8-9BDC-543B4394650F}.Release|x86.ActiveCfg = Release|Any CPU
		{831D6258-9202-4D48-B167-C9AEE9E8172F}.Debug|Any CPU.ActiveCfg = Debug|Any CPU
		{831D6258-9202-4D48-B167-C9AEE9E8172F}.Debug|Any CPU.Build.0 = Debug|Any CPU
		{831D6258-9202-4D48-B167-C9AEE9E8172F}.Debug|Mixed Platforms.ActiveCfg = Debug|Any CPU
		{831D6258-9202-4D48-B167-C9AEE9E8172F}.Debug|Mixed Platforms.Build.0 = Debug|Any CPU
		{831D6258-9202-4D48-B167-C9AEE9E8172F}.Debug|x86.ActiveCfg = Debug|Any CPU
		{831D6258-9202-4D48-B167-C9AEE9E8172F}.Release|Any CPU.ActiveCfg = Release|Any CPU
		{831D6258-9202-4D48-B167-C9AEE9E8172F}.Release|Any CPU.Build.0 = Release|Any CPU
		{831D6258-9202-4D48-B167-C9AEE9E8172F}.Release|Mixed Platforms.ActiveCfg = Release|Any CPU
		{831D6258-9202-4D48-B167-C9AEE9E8172F}.Release|Mixed Platforms.Build.0 = Release|Any CPU
		{831D6258-9202-4D48-B167-C9AEE9E8172F}.Release|x86.ActiveCfg = Release|Any CPU
		{FFDD0510-463C-4EF6-A9EC-576B99E2A949}.Debug|Any CPU.ActiveCfg = Debug|Any CPU
		{FFDD0510-463C-4EF6-A9EC-576B99E2A949}.Debug|Any CPU.Build.0 = Debug|Any CPU
		{FFDD0510-463C-4EF6-A9EC-576B99E2A949}.Debug|Mixed Platforms.ActiveCfg = Debug|Any CPU
		{FFDD0510-463C-4EF6-A9EC-576B99E2A949}.Debug|Mixed Platforms.Build.0 = Debug|Any CPU
		{FFDD0510-463C-4EF6-A9EC-576B99E2A949}.Debug|x86.ActiveCfg = Debug|x86
		{FFDD0510-463C-4EF6-A9EC-576B99E2A949}.Debug|x86.Build.0 = Debug|x86
		{FFDD0510-463C-4EF6-A9EC-576B99E2A949}.Release|Any CPU.ActiveCfg = Release|Any CPU
		{FFDD0510-463C-4EF6-A9EC-576B99E2A949}.Release|Any CPU.Build.0 = Release|Any CPU
		{FFDD0510-463C-4EF6-A9EC-576B99E2A949}.Release|Mixed Platforms.ActiveCfg = Release|Any CPU
		{FFDD0510-463C-4EF6-A9EC-576B99E2A949}.Release|Mixed Platforms.Build.0 = Release|Any CPU
		{FFDD0510-463C-4EF6-A9EC-576B99E2A949}.Release|x86.ActiveCfg = Release|x86
		{FFDD0510-463C-4EF6-A9EC-576B99E2A949}.Release|x86.Build.0 = Release|x86
		{FC0BCD17-F278-45AC-990D-C52EA4EF9D03}.Debug|Any CPU.ActiveCfg = Debug|Any CPU
		{FC0BCD17-F278-45AC-990D-C52EA4EF9D03}.Debug|Any CPU.Build.0 = Debug|Any CPU
		{FC0BCD17-F278-45AC-990D-C52EA4EF9D03}.Debug|Mixed Platforms.ActiveCfg = Debug|Any CPU
		{FC0BCD17-F278-45AC-990D-C52EA4EF9D03}.Debug|Mixed Platforms.Build.0 = Debug|Any CPU
		{FC0BCD17-F278-45AC-990D-C52EA4EF9D03}.Debug|x86.ActiveCfg = Debug|Any CPU
		{FC0BCD17-F278-45AC-990D-C52EA4EF9D03}.Release|Any CPU.ActiveCfg = Release|Any CPU
		{FC0BCD17-F278-45AC-990D-C52EA4EF9D03}.Release|Any CPU.Build.0 = Release|Any CPU
		{FC0BCD17-F278-45AC-990D-C52EA4EF9D03}.Release|Mixed Platforms.ActiveCfg = Release|Any CPU
		{FC0BCD17-F278-45AC-990D-C52EA4EF9D03}.Release|Mixed Platforms.Build.0 = Release|Any CPU
		{FC0BCD17-F278-45AC-990D-C52EA4EF9D03}.Release|x86.ActiveCfg = Release|Any CPU
		{36B65F7D-0004-49D8-AA09-4A339D0B47D9}.Debug|Any CPU.ActiveCfg = Debug|Any CPU
		{36B65F7D-0004-49D8-AA09-4A339D0B47D9}.Debug|Any CPU.Build.0 = Debug|Any CPU
		{36B65F7D-0004-49D8-AA09-4A339D0B47D9}.Debug|Mixed Platforms.ActiveCfg = Debug|Any CPU
		{36B65F7D-0004-49D8-AA09-4A339D0B47D9}.Debug|Mixed Platforms.Build.0 = Debug|Any CPU
		{36B65F7D-0004-49D8-AA09-4A339D0B47D9}.Debug|x86.ActiveCfg = Debug|Any CPU
		{36B65F7D-0004-49D8-AA09-4A339D0B47D9}.Release|Any CPU.ActiveCfg = Release|Any CPU
		{36B65F7D-0004-49D8-AA09-4A339D0B47D9}.Release|Any CPU.Build.0 = Release|Any CPU
		{36B65F7D-0004-49D8-AA09-4A339D0B47D9}.Release|Mixed Platforms.ActiveCfg = Release|Any CPU
		{36B65F7D-0004-49D8-AA09-4A339D0B47D9}.Release|Mixed Platforms.Build.0 = Release|Any CPU
		{36B65F7D-0004-49D8-AA09-4A339D0B47D9}.Release|x86.ActiveCfg = Release|Any CPU
		{B42BD371-65D9-440A-AF96-B0DDD9F47D09}.Debug|Any CPU.ActiveCfg = Debug|Any CPU
		{B42BD371-65D9-440A-AF96-B0DDD9F47D09}.Debug|Any CPU.Build.0 = Debug|Any CPU
		{B42BD371-65D9-440A-AF96-B0DDD9F47D09}.Debug|Mixed Platforms.ActiveCfg = Debug|Any CPU
		{B42BD371-65D9-440A-AF96-B0DDD9F47D09}.Debug|Mixed Platforms.Build.0 = Debug|Any CPU
		{B42BD371-65D9-440A-AF96-B0DDD9F47D09}.Debug|x86.ActiveCfg = Debug|Any CPU
		{B42BD371-65D9-440A-AF96-B0DDD9F47D09}.Release|Any CPU.ActiveCfg = Release|Any CPU
		{B42BD371-65D9-440A-AF96-B0DDD9F47D09}.Release|Any CPU.Build.0 = Release|Any CPU
		{B42BD371-65D9-440A-AF96-B0DDD9F47D09}.Release|Mixed Platforms.ActiveCfg = Release|Any CPU
		{B42BD371-65D9-440A-AF96-B0DDD9F47D09}.Release|Mixed Platforms.Build.0 = Release|Any CPU
		{B42BD371-65D9-440A-AF96-B0DDD9F47D09}.Release|x86.ActiveCfg = Release|Any CPU
		{CF288F75-80A7-44A0-90A6-5DC2C4353353}.Debug|Any CPU.ActiveCfg = Debug|Any CPU
		{CF288F75-80A7-44A0-90A6-5DC2C4353353}.Debug|Any CPU.Build.0 = Debug|Any CPU
		{CF288F75-80A7-44A0-90A6-5DC2C4353353}.Debug|Mixed Platforms.ActiveCfg = Debug|Any CPU
		{CF288F75-80A7-44A0-90A6-5DC2C4353353}.Debug|Mixed Platforms.Build.0 = Debug|Any CPU
		{CF288F75-80A7-44A0-90A6-5DC2C4353353}.Debug|x86.ActiveCfg = Debug|Any CPU
		{CF288F75-80A7-44A0-90A6-5DC2C4353353}.Release|Any CPU.ActiveCfg = Release|Any CPU
		{CF288F75-80A7-44A0-90A6-5DC2C4353353}.Release|Any CPU.Build.0 = Release|Any CPU
		{CF288F75-80A7-44A0-90A6-5DC2C4353353}.Release|Mixed Platforms.ActiveCfg = Release|Any CPU
		{CF288F75-80A7-44A0-90A6-5DC2C4353353}.Release|Mixed Platforms.Build.0 = Release|Any CPU
		{CF288F75-80A7-44A0-90A6-5DC2C4353353}.Release|x86.ActiveCfg = Release|Any CPU
		{A89D03F1-E773-450D-A4B5-9959484270F9}.Debug|Any CPU.ActiveCfg = Debug|Any CPU
		{A89D03F1-E773-450D-A4B5-9959484270F9}.Debug|Any CPU.Build.0 = Debug|Any CPU
		{A89D03F1-E773-450D-A4B5-9959484270F9}.Debug|Mixed Platforms.ActiveCfg = Debug|Any CPU
		{A89D03F1-E773-450D-A4B5-9959484270F9}.Debug|Mixed Platforms.Build.0 = Debug|Any CPU
		{A89D03F1-E773-450D-A4B5-9959484270F9}.Debug|x86.ActiveCfg = Debug|Any CPU
		{A89D03F1-E773-450D-A4B5-9959484270F9}.Release|Any CPU.ActiveCfg = Release|Any CPU
		{A89D03F1-E773-450D-A4B5-9959484270F9}.Release|Any CPU.Build.0 = Release|Any CPU
		{A89D03F1-E773-450D-A4B5-9959484270F9}.Release|Mixed Platforms.ActiveCfg = Release|Any CPU
		{A89D03F1-E773-450D-A4B5-9959484270F9}.Release|Mixed Platforms.Build.0 = Release|Any CPU
		{A89D03F1-E773-450D-A4B5-9959484270F9}.Release|x86.ActiveCfg = Release|Any CPU
		{409BA07A-E7A8-45D7-97CF-E05537632141}.Debug|Any CPU.ActiveCfg = Debug|Any CPU
		{409BA07A-E7A8-45D7-97CF-E05537632141}.Debug|Any CPU.Build.0 = Debug|Any CPU
		{409BA07A-E7A8-45D7-97CF-E05537632141}.Debug|Mixed Platforms.ActiveCfg = Debug|Any CPU
		{409BA07A-E7A8-45D7-97CF-E05537632141}.Debug|Mixed Platforms.Build.0 = Debug|Any CPU
		{409BA07A-E7A8-45D7-97CF-E05537632141}.Debug|x86.ActiveCfg = Debug|Any CPU
		{409BA07A-E7A8-45D7-97CF-E05537632141}.Release|Any CPU.ActiveCfg = Release|Any CPU
		{409BA07A-E7A8-45D7-97CF-E05537632141}.Release|Any CPU.Build.0 = Release|Any CPU
		{409BA07A-E7A8-45D7-97CF-E05537632141}.Release|Mixed Platforms.ActiveCfg = Release|Any CPU
		{409BA07A-E7A8-45D7-97CF-E05537632141}.Release|Mixed Platforms.Build.0 = Release|Any CPU
		{409BA07A-E7A8-45D7-97CF-E05537632141}.Release|x86.ActiveCfg = Release|Any CPU
		{3C87F5F0-C867-4CEC-8DF9-B6405C2CCAF3}.Debug|Any CPU.ActiveCfg = Debug|Any CPU
		{3C87F5F0-C867-4CEC-8DF9-B6405C2CCAF3}.Debug|Any CPU.Build.0 = Debug|Any CPU
		{3C87F5F0-C867-4CEC-8DF9-B6405C2CCAF3}.Debug|Mixed Platforms.ActiveCfg = Debug|Any CPU
		{3C87F5F0-C867-4CEC-8DF9-B6405C2CCAF3}.Debug|Mixed Platforms.Build.0 = Debug|Any CPU
		{3C87F5F0-C867-4CEC-8DF9-B6405C2CCAF3}.Debug|x86.ActiveCfg = Debug|Any CPU
		{3C87F5F0-C867-4CEC-8DF9-B6405C2CCAF3}.Release|Any CPU.ActiveCfg = Release|Any CPU
		{3C87F5F0-C867-4CEC-8DF9-B6405C2CCAF3}.Release|Any CPU.Build.0 = Release|Any CPU
		{3C87F5F0-C867-4CEC-8DF9-B6405C2CCAF3}.Release|Mixed Platforms.ActiveCfg = Release|Any CPU
		{3C87F5F0-C867-4CEC-8DF9-B6405C2CCAF3}.Release|Mixed Platforms.Build.0 = Release|Any CPU
		{3C87F5F0-C867-4CEC-8DF9-B6405C2CCAF3}.Release|x86.ActiveCfg = Release|Any CPU
		{AD4AB82E-5D07-4BBC-A8EB-6D128A7BC591}.Debug|Any CPU.ActiveCfg = Debug|Any CPU
		{AD4AB82E-5D07-4BBC-A8EB-6D128A7BC591}.Debug|Any CPU.Build.0 = Debug|Any CPU
		{AD4AB82E-5D07-4BBC-A8EB-6D128A7BC591}.Debug|Mixed Platforms.ActiveCfg = Debug|Any CPU
		{AD4AB82E-5D07-4BBC-A8EB-6D128A7BC591}.Debug|Mixed Platforms.Build.0 = Debug|Any CPU
		{AD4AB82E-5D07-4BBC-A8EB-6D128A7BC591}.Debug|x86.ActiveCfg = Debug|Any CPU
		{AD4AB82E-5D07-4BBC-A8EB-6D128A7BC591}.Release|Any CPU.ActiveCfg = Release|Any CPU
		{AD4AB82E-5D07-4BBC-A8EB-6D128A7BC591}.Release|Any CPU.Build.0 = Release|Any CPU
		{AD4AB82E-5D07-4BBC-A8EB-6D128A7BC591}.Release|Mixed Platforms.ActiveCfg = Release|Any CPU
		{AD4AB82E-5D07-4BBC-A8EB-6D128A7BC591}.Release|Mixed Platforms.Build.0 = Release|Any CPU
		{AD4AB82E-5D07-4BBC-A8EB-6D128A7BC591}.Release|x86.ActiveCfg = Release|Any CPU
		{EE08CA29-C7F0-40C8-8841-35FF0BDA17B6}.Debug|Any CPU.ActiveCfg = Debug|Any CPU
		{EE08CA29-C7F0-40C8-8841-35FF0BDA17B6}.Debug|Any CPU.Build.0 = Debug|Any CPU
		{EE08CA29-C7F0-40C8-8841-35FF0BDA17B6}.Debug|Mixed Platforms.ActiveCfg = Debug|Any CPU
		{EE08CA29-C7F0-40C8-8841-35FF0BDA17B6}.Debug|Mixed Platforms.Build.0 = Debug|Any CPU
		{EE08CA29-C7F0-40C8-8841-35FF0BDA17B6}.Debug|x86.ActiveCfg = Debug|Any CPU
		{EE08CA29-C7F0-40C8-8841-35FF0BDA17B6}.Release|Any CPU.ActiveCfg = Release|Any CPU
		{EE08CA29-C7F0-40C8-8841-35FF0BDA17B6}.Release|Any CPU.Build.0 = Release|Any CPU
		{EE08CA29-C7F0-40C8-8841-35FF0BDA17B6}.Release|Mixed Platforms.ActiveCfg = Release|Any CPU
		{EE08CA29-C7F0-40C8-8841-35FF0BDA17B6}.Release|Mixed Platforms.Build.0 = Release|Any CPU
		{EE08CA29-C7F0-40C8-8841-35FF0BDA17B6}.Release|x86.ActiveCfg = Release|Any CPU
		{D7C28391-1FC6-4207-A2BB-4D7B75EF404F}.Debug|Any CPU.ActiveCfg = Debug|Any CPU
		{D7C28391-1FC6-4207-A2BB-4D7B75EF404F}.Debug|Mixed Platforms.ActiveCfg = Debug|Any CPU
		{D7C28391-1FC6-4207-A2BB-4D7B75EF404F}.Debug|Mixed Platforms.Build.0 = Debug|Any CPU
		{D7C28391-1FC6-4207-A2BB-4D7B75EF404F}.Debug|x86.ActiveCfg = Debug|Any CPU
		{D7C28391-1FC6-4207-A2BB-4D7B75EF404F}.Release|Any CPU.ActiveCfg = Release|Any CPU
		{D7C28391-1FC6-4207-A2BB-4D7B75EF404F}.Release|Mixed Platforms.ActiveCfg = Release|Any CPU
		{D7C28391-1FC6-4207-A2BB-4D7B75EF404F}.Release|Mixed Platforms.Build.0 = Release|Any CPU
		{D7C28391-1FC6-4207-A2BB-4D7B75EF404F}.Release|x86.ActiveCfg = Release|Any CPU
		{0E7D1470-AF21-4A6D-BACA-A972D18BB337}.Debug|Any CPU.ActiveCfg = Debug|Any CPU
		{0E7D1470-AF21-4A6D-BACA-A972D18BB337}.Debug|Any CPU.Build.0 = Debug|Any CPU
		{0E7D1470-AF21-4A6D-BACA-A972D18BB337}.Debug|Mixed Platforms.ActiveCfg = Debug|x86
		{0E7D1470-AF21-4A6D-BACA-A972D18BB337}.Debug|Mixed Platforms.Build.0 = Debug|x86
		{0E7D1470-AF21-4A6D-BACA-A972D18BB337}.Debug|x86.ActiveCfg = Debug|x86
		{0E7D1470-AF21-4A6D-BACA-A972D18BB337}.Debug|x86.Build.0 = Debug|x86
		{0E7D1470-AF21-4A6D-BACA-A972D18BB337}.Release|Any CPU.ActiveCfg = Release|Any CPU
		{0E7D1470-AF21-4A6D-BACA-A972D18BB337}.Release|Any CPU.Build.0 = Release|Any CPU
		{0E7D1470-AF21-4A6D-BACA-A972D18BB337}.Release|Mixed Platforms.ActiveCfg = Release|x86
		{0E7D1470-AF21-4A6D-BACA-A972D18BB337}.Release|Mixed Platforms.Build.0 = Release|x86
		{0E7D1470-AF21-4A6D-BACA-A972D18BB337}.Release|x86.ActiveCfg = Release|x86
		{0E7D1470-AF21-4A6D-BACA-A972D18BB337}.Release|x86.Build.0 = Release|x86
	EndGlobalSection
	GlobalSection(SolutionProperties) = preSolution
		HideSolutionNode = FALSE
	EndGlobalSection
	GlobalSection(NestedProjects) = preSolution
		{D9D6A235-C449-46F8-80DE-0315A7226ECF} = {5B8E6172-64C2-4ABD-BF06-D4214C1DBFF4}
		{FD486FF7-AB5D-47BF-BE98-0351BFA6F1F1} = {5B8E6172-64C2-4ABD-BF06-D4214C1DBFF4}
		{4D5710EA-E79A-484A-A9A2-2572571274D7} = {5B8E6172-64C2-4ABD-BF06-D4214C1DBFF4}
		{634FFE58-BE0A-4C69-A02A-D3DCB0FB38CD} = {5B8E6172-64C2-4ABD-BF06-D4214C1DBFF4}
		{FC0BCD17-F278-45AC-990D-C52EA4EF9D03} = {634FFE58-BE0A-4C69-A02A-D3DCB0FB38CD}
		{36B65F7D-0004-49D8-AA09-4A339D0B47D9} = {634FFE58-BE0A-4C69-A02A-D3DCB0FB38CD}
		{B42BD371-65D9-440A-AF96-B0DDD9F47D09} = {634FFE58-BE0A-4C69-A02A-D3DCB0FB38CD}
		{CF288F75-80A7-44A0-90A6-5DC2C4353353} = {634FFE58-BE0A-4C69-A02A-D3DCB0FB38CD}
		{A89D03F1-E773-450D-A4B5-9959484270F9} = {634FFE58-BE0A-4C69-A02A-D3DCB0FB38CD}
		{86816A4F-ABE3-4DFC-8578-974145FC5FB2} = {5B8E6172-64C2-4ABD-BF06-D4214C1DBFF4}
		{E92C9C0E-7745-4D9A-B80A-15EF21883FA8} = {86816A4F-ABE3-4DFC-8578-974145FC5FB2}
		{2A316855-8CAA-44C9-85D1-29E30C51C91C} = {86816A4F-ABE3-4DFC-8578-974145FC5FB2}
		{24FE1F98-54C3-4507-BC29-B1DD6848A3B6} = {86816A4F-ABE3-4DFC-8578-974145FC5FB2}
		{409BA07A-E7A8-45D7-97CF-E05537632141} = {26F59F87-6047-44A7-A8B3-AB9473D985C3}
		{3C87F5F0-C867-4CEC-8DF9-B6405C2CCAF3} = {634FFE58-BE0A-4C69-A02A-D3DCB0FB38CD}
		{EE08CA29-C7F0-40C8-8841-35FF0BDA17B6} = {26F59F87-6047-44A7-A8B3-AB9473D985C3}
		{D5CD0030-1919-4DA1-8047-FF15BB5E13BE} = {86816A4F-ABE3-4DFC-8578-974145FC5FB2}
		{3C597E06-895C-4352-8AB2-D157D4E25BA8} = {86816A4F-ABE3-4DFC-8578-974145FC5FB2}
		{71C1B7BC-E2F6-470E-AD2C-D3E7E9CA2204} = {86816A4F-ABE3-4DFC-8578-974145FC5FB2}
	EndGlobalSection
	GlobalSection(ExtensibilityGlobals) = postSolution
		VisualSVNWorkingCopyRoot = .
	EndGlobalSection
EndGlobal
